
Microsoft Visual Studio Solution File, Format Version 12.00
# Visual Studio Version 16
VisualStudioVersion = 16.0.29403.142
MinimumVisualStudioVersion = 10.0.40219.1
Project("{FAE04EC0-301F-11D3-BF4B-00C04F79EFBC}") = "http2client", "http2client\http2client.csproj", "{4E859B72-7452-45E2-A4D8-15AD34764492}"
EndProject
Global
	GlobalSection(SolutionConfigurationPlatforms) = preSolution
		Debug|Any CPU = Debug|Any CPU
		Release|Any CPU = Release|Any CPU
	EndGlobalSection
	GlobalSection(ProjectConfigurationPlatforms) = postSolution
		{4E859B72-7452-45E2-A4D8-15AD34764492}.Debug|Any CPU.ActiveCfg = Debug|Any CPU
		{4E859B72-7452-45E2-A4D8-15AD34764492}.Debug|Any CPU.Build.0 = Debug|Any CPU
		{4E859B72-7452-45E2-A4D8-15AD34764492}.Release|Any CPU.ActiveCfg = Release|Any CPU
		{4E859B72-7452-45E2-A4D8-15AD34764492}.Release|Any CPU.Build.0 = Release|Any CPU
	EndGlobalSection
	GlobalSection(SolutionProperties) = preSolution
		HideSolutionNode = FALSE
	EndGlobalSection
	GlobalSection(ExtensibilityGlobals) = postSolution
		SolutionGuid = {2474717D-A7ED-464A-BC7A-4FF81D0F00D9}
	EndGlobalSection
EndGlobal
